
Microsoft Visual Studio Solution File, Format Version 12.00
# Visual Studio Version 16
VisualStudioVersion = 16.0.30320.27
MinimumVisualStudioVersion = 10.0.40219.1
Project("{9A19103F-16F7-4668-BE54-9A1E7A4F7556}") = "OffStone.Example.Dal", "OffStone.Example.Dal\OffStone.Example.Dal.csproj", "{A9516F67-863D-4DF3-A48F-91ACF8E9BA92}"
EndProject
Project("{FAE04EC0-301F-11D3-BF4B-00C04F79EFBC}") = "OffStone.Example.IntTest", "OffStone.Example.IntTest\OffStone.Example.IntTest.csproj", "{38F4C04E-0196-4F8A-9E7B-04A3F9896698}"
EndProject
Global
	GlobalSection(SolutionConfigurationPlatforms) = preSolution
		Debug|Any CPU = Debug|Any CPU
		Release|Any CPU = Release|Any CPU
	EndGlobalSection
	GlobalSection(ProjectConfigurationPlatforms) = postSolution
		{A9516F67-863D-4DF3-A48F-91ACF8E9BA92}.Debug|Any CPU.ActiveCfg = Debug|Any CPU
		{A9516F67-863D-4DF3-A48F-91ACF8E9BA92}.Debug|Any CPU.Build.0 = Debug|Any CPU
		{A9516F67-863D-4DF3-A48F-91ACF8E9BA92}.Release|Any CPU.ActiveCfg = Release|Any CPU
		{A9516F67-863D-4DF3-A48F-91ACF8E9BA92}.Release|Any CPU.Build.0 = Release|Any CPU
		{38F4C04E-0196-4F8A-9E7B-04A3F9896698}.Debug|Any CPU.ActiveCfg = Debug|Any CPU
		{38F4C04E-0196-4F8A-9E7B-04A3F9896698}.Debug|Any CPU.Build.0 = Debug|Any CPU
		{38F4C04E-0196-4F8A-9E7B-04A3F9896698}.Release|Any CPU.ActiveCfg = Release|Any CPU
		{38F4C04E-0196-4F8A-9E7B-04A3F9896698}.Release|Any CPU.Build.0 = Release|Any CPU
	EndGlobalSection
	GlobalSection(SolutionProperties) = preSolution
		HideSolutionNode = FALSE
	EndGlobalSection
	GlobalSection(ExtensibilityGlobals) = postSolution
		SolutionGuid = {DC119720-3091-4CCF-918C-2EC1808E34DD}
	EndGlobalSection
EndGlobal
